
Microsoft Visual Studio Solution File, Format Version 12.00
# Visual Studio Version 17
VisualStudioVersion = 17.9.34902.65
MinimumVisualStudioVersion = 10.0.40219.1
Project("{9A19103F-16F7-4668-BE54-9A1E7A4F7556}") = "MermaidHelp", "MermaidHelp-Web\MermaidHelp.csproj", "{19DFA8FB-552A-4A5A-B3B5-A685105CF9B9}"
EndProject
Project("{FAE04EC0-301F-11D3-BF4B-00C04F79EFBC}") = "FineUIEx", "FineUIEx\FineUIEx.csproj", "{45206223-6088-44E3-9B54-F44EBFE21AC7}"
EndProject
Global
	GlobalSection(SolutionConfigurationPlatforms) = preSolution
		Debug|Any CPU = Debug|Any CPU
		Release|Any CPU = Release|Any CPU
	EndGlobalSection
	GlobalSection(ProjectConfigurationPlatforms) = postSolution
		{19DFA8FB-552A-4A5A-B3B5-A685105CF9B9}.Debug|Any CPU.ActiveCfg = Debug|Any CPU
		{19DFA8FB-552A-4A5A-B3B5-A685105CF9B9}.Debug|Any CPU.Build.0 = Debug|Any CPU
		{19DFA8FB-552A-4A5A-B3B5-A685105CF9B9}.Release|Any CPU.ActiveCfg = Release|Any CPU
		{19DFA8FB-552A-4A5A-B3B5-A685105CF9B9}.Release|Any CPU.Build.0 = Release|Any CPU
		{45206223-6088-44E3-9B54-F44EBFE21AC7}.Debug|Any CPU.ActiveCfg = Debug|Any CPU
		{45206223-6088-44E3-9B54-F44EBFE21AC7}.Debug|Any CPU.Build.0 = Debug|Any CPU
		{45206223-6088-44E3-9B54-F44EBFE21AC7}.Release|Any CPU.ActiveCfg = Release|Any CPU
		{45206223-6088-44E3-9B54-F44EBFE21AC7}.Release|Any CPU.Build.0 = Release|Any CPU
	EndGlobalSection
	GlobalSection(SolutionProperties) = preSolution
		HideSolutionNode = FALSE
	EndGlobalSection
	GlobalSection(ExtensibilityGlobals) = postSolution
		SolutionGuid = {48D5B4B3-B0D9-4AD2-BE5C-E13AC00D4E38}
	EndGlobalSection
EndGlobal
